
Microsoft Visual Studio Solution File, Format Version 12.00
# Visual Studio 15
VisualStudioVersion = 15.0.28307.489
MinimumVisualStudioVersion = 10.0.40219.1
Project("{FAE04EC0-301F-11D3-BF4B-00C04F79EFBC}") = "Projet", "Projet\Projet.csproj", "{974DCC29-5BBF-4188-994A-503D28658AA4}"
EndProject
Global
	GlobalSection(SolutionConfigurationPlatforms) = preSolution
		Debug|Any CPU = Debug|Any CPU
		Release|Any CPU = Release|Any CPU
	EndGlobalSection
	GlobalSection(ProjectConfigurationPlatforms) = postSolution
		{974DCC29-5BBF-4188-994A-503D28658AA4}.Debug|Any CPU.ActiveCfg = Debug|Any CPU
		{974DCC29-5BBF-4188-994A-503D28658AA4}.Debug|Any CPU.Build.0 = Debug|Any CPU
		{974DCC29-5BBF-4188-994A-503D28658AA4}.Release|Any CPU.ActiveCfg = Release|Any CPU
		{974DCC29-5BBF-4188-994A-503D28658AA4}.Release|Any CPU.Build.0 = Release|Any CPU
	EndGlobalSection
	GlobalSection(SolutionProperties) = preSolution
		HideSolutionNode = FALSE
	EndGlobalSection
	GlobalSection(ExtensibilityGlobals) = postSolution
		SolutionGuid = {740EF87C-CC64-499F-9857-CD4299FA569C}
	EndGlobalSection
EndGlobal
